
Microsoft Visual Studio Solution File, Format Version 12.00
# Visual Studio 15
VisualStudioVersion = 15.0.27004.2002
MinimumVisualStudioVersion = 10.0.40219.1
Project("{FAE04EC0-301F-11D3-BF4B-00C04F79EFBC}") = "Hagelzeeslag", "Hagelzeeslag\Hagelzeeslag.csproj", "{F8A8A23B-D969-4439-8FE9-56B5D0A46DA6}"
EndProject
Project("{FAE04EC0-301F-11D3-BF4B-00C04F79EFBC}") = "UnitTestProject", "UnitTestProject\UnitTestProject.csproj", "{EB972A50-5E8A-4BF0-BE5E-8264A892CFF3}"
EndProject
Global
	GlobalSection(SolutionConfigurationPlatforms) = preSolution
		Debug|Any CPU = Debug|Any CPU
		Release|Any CPU = Release|Any CPU
	EndGlobalSection
	GlobalSection(ProjectConfigurationPlatforms) = postSolution
		{F8A8A23B-D969-4439-8FE9-56B5D0A46DA6}.Debug|Any CPU.ActiveCfg = Debug|Any CPU
		{F8A8A23B-D969-4439-8FE9-56B5D0A46DA6}.Debug|Any CPU.Build.0 = Debug|Any CPU
		{F8A8A23B-D969-4439-8FE9-56B5D0A46DA6}.Release|Any CPU.ActiveCfg = Release|Any CPU
		{F8A8A23B-D969-4439-8FE9-56B5D0A46DA6}.Release|Any CPU.Build.0 = Release|Any CPU
		{EB972A50-5E8A-4BF0-BE5E-8264A892CFF3}.Debug|Any CPU.ActiveCfg = Debug|Any CPU
		{EB972A50-5E8A-4BF0-BE5E-8264A892CFF3}.Debug|Any CPU.Build.0 = Debug|Any CPU
		{EB972A50-5E8A-4BF0-BE5E-8264A892CFF3}.Release|Any CPU.ActiveCfg = Release|Any CPU
		{EB972A50-5E8A-4BF0-BE5E-8264A892CFF3}.Release|Any CPU.Build.0 = Release|Any CPU
	EndGlobalSection
	GlobalSection(SolutionProperties) = preSolution
		HideSolutionNode = FALSE
	EndGlobalSection
	GlobalSection(ExtensibilityGlobals) = postSolution
		SolutionGuid = {4FF7D2E9-3E4B-4B98-BF54-863DE1800526}
	EndGlobalSection
EndGlobal
